
Microsoft Visual Studio Solution File, Format Version 12.00
# Visual Studio Version 16
VisualStudioVersion = 16.0.30011.22
MinimumVisualStudioVersion = 10.0.40219.1
Project("{8BC9CEB8-8B4A-11D0-8D11-00A0C91BC942}") = "c_program", "c_program\c_program.vcxproj", "{30FFF139-F07F-4504-90EB-D44E245178A2}"
EndProject
Global
	GlobalSection(SolutionConfigurationPlatforms) = preSolution
		Debug|x64 = Debug|x64
		Debug|x86 = Debug|x86
		Release|x64 = Release|x64
		Release|x86 = Release|x86
	EndGlobalSection
	GlobalSection(ProjectConfigurationPlatforms) = postSolution
		{30FFF139-F07F-4504-90EB-D44E245178A2}.Debug|x64.ActiveCfg = Debug|x64
		{30FFF139-F07F-4504-90EB-D44E245178A2}.Debug|x64.Build.0 = Debug|x64
		{30FFF139-F07F-4504-90EB-D44E245178A2}.Debug|x86.ActiveCfg = Debug|Win32
		{30FFF139-F07F-4504-90EB-D44E245178A2}.Debug|x86.Build.0 = Debug|Win32
		{30FFF139-F07F-4504-90EB-D44E245178A2}.Release|x64.ActiveCfg = Release|x64
		{30FFF139-F07F-4504-90EB-D44E245178A2}.Release|x64.Build.0 = Release|x64
		{30FFF139-F07F-4504-90EB-D44E245178A2}.Release|x86.ActiveCfg = Release|Win32
		{30FFF139-F07F-4504-90EB-D44E245178A2}.Release|x86.Build.0 = Release|Win32
	EndGlobalSection
	GlobalSection(SolutionProperties) = preSolution
		HideSolutionNode = FALSE
	EndGlobalSection
	GlobalSection(ExtensibilityGlobals) = postSolution
		SolutionGuid = {AD633175-55DE-41B8-A579-55A71E6F5887}
	EndGlobalSection
EndGlobal
